# Run ./gradlew --write-locks to regenerate this file
ch.qos.logback:logback-classic:1.2.3 (1 constraints: 0805f935)
ch.qos.logback:logback-core:1.2.3 (1 constraints: 070dff1c)
com.fasterxml.jackson.core:jackson-annotations:2.10.3 (3 constraints: 0f350e9e)
com.fasterxml.jackson.core:jackson-core:2.10.3 (4 constraints: 0a4bcba0)
com.fasterxml.jackson.core:jackson-databind:2.10.3 (4 constraints: 6346fdd6)
com.fasterxml.jackson.datatype:jackson-datatype-jdk8:2.10.3 (2 constraints: ff19771b)
com.fasterxml.jackson.datatype:jackson-datatype-jsr310:2.10.3 (2 constraints: ff19771b)
com.google.code.findbugs:jsr305:3.0.2 (3 constraints: 5822c71b)
com.google.errorprone:error_prone_annotations:2.3.4 (1 constraints: 1b0af2b4)
com.google.guava:failureaccess:1.0.1 (1 constraints: 140ae1b4)
com.google.guava:guava:28.2-jre (1 constraints: 4e06ca47)
com.google.guava:listenablefuture:9999.0-empty-to-avoid-conflict-with-guava (1 constraints: bd17c918)
com.google.j2objc:j2objc-annotations:1.3 (1 constraints: b809eda0)
com.sun.xml.bind:jaxb-core:2.3.0.1 (2 constraints: c3159d04)
com.sun.xml.bind:jaxb-impl:2.3.2 (2 constraints: 091526bb)
io.micronaut:micronaut-aop:1.3.4 (3 constraints: 1a28b956)
io.micronaut:micronaut-bom:1.3.4 (1 constraints: 0a05fd35)
io.micronaut:micronaut-buffer-netty:1.3.4 (2 constraints: c01a7141)
io.micronaut:micronaut-core:1.3.4 (5 constraints: 2c46b113)
io.micronaut:micronaut-http:1.3.4 (6 constraints: 1753061c)
io.micronaut:micronaut-http-client:1.3.4 (1 constraints: ef0b64ef)
io.micronaut:micronaut-http-netty:1.3.4 (3 constraints: a02cb966)
io.micronaut:micronaut-http-server:1.3.4 (2 constraints: 841d8814)
io.micronaut:micronaut-http-server-netty:1.3.4 (1 constraints: ef0b64ef)
io.micronaut:micronaut-inject:1.3.4 (10 constraints: 4b8de059)
io.micronaut:micronaut-router:1.3.4 (2 constraints: 231b735e)
io.micronaut:micronaut-runtime:1.3.4 (5 constraints: 594b5b48)
io.micronaut:micronaut-validation:1.3.4 (1 constraints: ef0b64ef)
io.micronaut:micronaut-websocket:1.3.4 (4 constraints: 1039f89f)
io.netty:netty-buffer:4.1.48.Final (8 constraints: 097111c3)
io.netty:netty-codec:4.1.48.Final (5 constraints: b845e4bc)
io.netty:netty-codec-http:4.1.48.Final (4 constraints: 5a42c94c)
io.netty:netty-codec-socks:4.1.48.Final (2 constraints: 521dc22a)
io.netty:netty-common:4.1.48.Final (9 constraints: a378f72f)
io.netty:netty-handler:4.1.48.Final (3 constraints: 122de10e)
io.netty:netty-handler-proxy:4.1.48.Final (2 constraints: ad1f1ef2)
io.netty:netty-resolver:4.1.48.Final (3 constraints: 952867d4)
io.netty:netty-transport:4.1.48.Final (6 constraints: 7b51c43d)
io.reactivex.rxjava2:rxjava:2.2.10 (5 constraints: e8469c04)
javax.activation:javax.activation-api:1.2.0 (1 constraints: 450a28bf)
javax.annotation:javax.annotation-api:1.3.2 (2 constraints: 1819a2d0)
javax.inject:javax.inject:1 (1 constraints: 6b0c80e8)
javax.validation:validation-api:2.0.1.Final (3 constraints: b72e1b8d)
javax.xml.bind:jaxb-api:2.4.0-b180830.0359 (2 constraints: c917319e)
net.java.dev.stax-utils:stax-utils:20070216 (1 constraints: 7f085a8e)
org.checkerframework:checker-qual:2.10.0 (1 constraints: 450a2fbf)
org.mozilla:rhino:1.7.11 (1 constraints: 1308847d)
org.reactivestreams:reactive-streams:1.0.3 (3 constraints: 5d24c6fc)
org.slf4j:slf4j-api:1.7.26 (15 constraints: bcd4c402)
org.verapdf:core:1.14.105 (3 constraints: 912b68a9)
org.verapdf:feature-reporting:1.14.105 (1 constraints: 350d6d31)
org.verapdf:metadata-fixer:1.14.105 (1 constraints: 350d6d31)
org.verapdf:parser:1.14.104 (3 constraints: 912b68a9)
org.verapdf:pdf-model:1.14.103 (2 constraints: 8318ac36)
org.verapdf:validation-model:1.14.105 (1 constraints: 9e053d46)
org.verapdf:verapdf-xmp-core:1.14.105 (2 constraints: 3916e578)
org.yaml:snakeyaml:1.24 (2 constraints: be1824a5)

[Test dependencies]
io.micronaut.test:micronaut-test-core:1.1.2 (2 constraints: d11c68f0)
io.micronaut.test:micronaut-test-junit5:1.1.2 (1 constraints: eb0b5cef)
org.apiguardian:apiguardian-api:1.1.0 (4 constraints: 57436f9e)
org.junit:junit-bom:5.6.0 (4 constraints: 7b4351a9)
org.junit.jupiter:junit-jupiter-api:5.6.0 (4 constraints: 9936415b)
org.junit.jupiter:junit-jupiter-engine:5.6.0 (2 constraints: 03157cd3)
org.junit.platform:junit-platform-commons:1.6.0 (3 constraints: e2299d29)
org.junit.platform:junit-platform-engine:1.6.0 (2 constraints: b41911f3)
org.opentest4j:opentest4j:1.2.0 (2 constraints: cd205b49)
